
Microsoft Visual Studio Solution File, Format Version 12.00
# Visual Studio Version 16
VisualStudioVersion = 16.0.31025.194
MinimumVisualStudioVersion = 10.0.40219.1
Project("{FAE04EC0-301F-11D3-BF4B-00C04F79EFBC}") = "ClickomyOMDbAPI", "ClickomyOMDbAPI.csproj", "{D85C0190-1F91-499B-8E17-16966C4E16BA}"
EndProject
Global
	GlobalSection(SolutionConfigurationPlatforms) = preSolution
		Debug|Any CPU = Debug|Any CPU
		Release|Any CPU = Release|Any CPU
	EndGlobalSection
	GlobalSection(ProjectConfigurationPlatforms) = postSolution
		{D85C0190-1F91-499B-8E17-16966C4E16BA}.Debug|Any CPU.ActiveCfg = Debug|Any CPU
		{D85C0190-1F91-499B-8E17-16966C4E16BA}.Debug|Any CPU.Build.0 = Debug|Any CPU
		{D85C0190-1F91-499B-8E17-16966C4E16BA}.Release|Any CPU.ActiveCfg = Release|Any CPU
		{D85C0190-1F91-499B-8E17-16966C4E16BA}.Release|Any CPU.Build.0 = Release|Any CPU
	EndGlobalSection
	GlobalSection(SolutionProperties) = preSolution
		HideSolutionNode = FALSE
	EndGlobalSection
	GlobalSection(ExtensibilityGlobals) = postSolution
		SolutionGuid = {000B72DA-9C59-4156-8815-19CB37B0E69D}
	EndGlobalSection
EndGlobal
